
Microsoft Visual Studio Solution File, Format Version 12.00
# Visual Studio Version 17
VisualStudioVersion = 17.0.31903.59
MinimumVisualStudioVersion = 10.0.40219.1
Project("{2150E333-8FDC-42A3-9474-1A3956D46DE8}") = "src", "src", "{C68AB90F-FF6B-495A-8681-AA1F2E750D42}"
EndProject
Project("{FAE04EC0-301F-11D3-BF4B-00C04F79EFBC}") = "ErpCloud.Api", "src\Api\ErpCloud.Api.csproj", "{10C29FBD-4E19-4462-A003-E96D9DFA48D8}"
EndProject
Project("{2150E333-8FDC-42A3-9474-1A3956D46DE8}") = "BuildingBlocks", "BuildingBlocks", "{E7482026-3385-4CE1-A6D5-078298E4E6B5}"
EndProject
Project("{FAE04EC0-301F-11D3-BF4B-00C04F79EFBC}") = "ErpCloud.BuildingBlocks.Common", "src\BuildingBlocks\Common\ErpCloud.BuildingBlocks.Common.csproj", "{D650C728-64BF-4B1F-889B-28EE2821117F}"
EndProject
Project("{FAE04EC0-301F-11D3-BF4B-00C04F79EFBC}") = "ErpCloud.BuildingBlocks.Tenant", "src\BuildingBlocks\Tenant\ErpCloud.BuildingBlocks.Tenant.csproj", "{139AE804-5448-403E-A1E5-81A891FAB50D}"
EndProject
Project("{FAE04EC0-301F-11D3-BF4B-00C04F79EFBC}") = "ErpCloud.BuildingBlocks.Auth", "src\BuildingBlocks\Auth\ErpCloud.BuildingBlocks.Auth.csproj", "{3FBCC644-BFC1-4DFB-B041-EB8B216E8EB4}"
EndProject
Project("{FAE04EC0-301F-11D3-BF4B-00C04F79EFBC}") = "ErpCloud.BuildingBlocks.Auditing", "src\BuildingBlocks\Auditing\ErpCloud.BuildingBlocks.Auditing.csproj", "{09BDADE0-38E3-4469-871C-6DE2B5C3D80A}"
EndProject
Project("{FAE04EC0-301F-11D3-BF4B-00C04F79EFBC}") = "ErpCloud.BuildingBlocks.Outbox", "src\BuildingBlocks\Outbox\ErpCloud.BuildingBlocks.Outbox.csproj", "{2A8E3E28-DF24-4838-B1B7-00FEB7C9C821}"
EndProject
Project("{FAE04EC0-301F-11D3-BF4B-00C04F79EFBC}") = "ErpCloud.BuildingBlocks.Messaging", "src\BuildingBlocks\Messaging\ErpCloud.BuildingBlocks.Messaging.csproj", "{85E491FB-DEA3-460A-98C2-8B6F042E5F10}"
EndProject
Project("{FAE04EC0-301F-11D3-BF4B-00C04F79EFBC}") = "ErpCloud.BuildingBlocks.Persistence", "src\BuildingBlocks\Persistence\ErpCloud.BuildingBlocks.Persistence.csproj", "{4709243B-5D92-4876-8F5A-5D70DE06CB5E}"
EndProject
Project("{2150E333-8FDC-42A3-9474-1A3956D46DE8}") = "Modules", "Modules", "{7159B46F-574A-4805-BA17-7D05BAFC9B73}"
EndProject
Project("{FAE04EC0-301F-11D3-BF4B-00C04F79EFBC}") = "ErpCloud.Modules.Identity", "src\Modules\Identity\ErpCloud.Modules.Identity.csproj", "{36C9F8F1-4F54-48B8-8A9B-D950041DFA45}"
EndProject
Project("{FAE04EC0-301F-11D3-BF4B-00C04F79EFBC}") = "ErpCloud.Modules.Catalog", "src\Modules\Catalog\ErpCloud.Modules.Catalog.csproj", "{762E5FF9-D03E-4A21-84E5-F598420291CD}"
EndProject
Project("{FAE04EC0-301F-11D3-BF4B-00C04F79EFBC}") = "ErpCloud.Modules.Sales", "src\Modules\Sales\ErpCloud.Modules.Sales.csproj", "{17E9C202-1F6D-4787-93C5-10F0A741B18A}"
EndProject
Project("{FAE04EC0-301F-11D3-BF4B-00C04F79EFBC}") = "ErpCloud.Modules.Stock", "src\Modules\Stock\ErpCloud.Modules.Stock.csproj", "{3051219B-CE2A-43B3-BA02-1D6C5BA1F65D}"
EndProject
Project("{FAE04EC0-301F-11D3-BF4B-00C04F79EFBC}") = "ErpCloud.Modules.Accounting", "src\Modules\Accounting\ErpCloud.Modules.Accounting.csproj", "{CD9599C0-7C05-4A83-9DDD-4C4A85C58923}"
EndProject
Project("{FAE04EC0-301F-11D3-BF4B-00C04F79EFBC}") = "ErpCloud.Modules.EDocument", "src\Modules\EDocument\ErpCloud.Modules.EDocument.csproj", "{5DA05684-B1A5-4367-B134-18E1A9F69B27}"
EndProject
Project("{2150E333-8FDC-42A3-9474-1A3956D46DE8}") = "tests", "tests", "{929F2378-F0E3-446A-AA35-20C90CF67A6A}"
EndProject
Project("{FAE04EC0-301F-11D3-BF4B-00C04F79EFBC}") = "ErpCloud.BuildingBlocks.Auth.Tests", "tests\ErpCloud.BuildingBlocks.Auth.Tests\ErpCloud.BuildingBlocks.Auth.Tests.csproj", "{6ABDEE5C-B664-419C-A1B7-DACEA768ED13}"
EndProject
Global
	GlobalSection(SolutionConfigurationPlatforms) = preSolution
		Debug|Any CPU = Debug|Any CPU
		Release|Any CPU = Release|Any CPU
	EndGlobalSection
	GlobalSection(SolutionProperties) = preSolution
		HideSolutionNode = FALSE
	EndGlobalSection
	GlobalSection(ProjectConfigurationPlatforms) = postSolution
		{10C29FBD-4E19-4462-A003-E96D9DFA48D8}.Debug|Any CPU.ActiveCfg = Debug|Any CPU
		{10C29FBD-4E19-4462-A003-E96D9DFA48D8}.Debug|Any CPU.Build.0 = Debug|Any CPU
		{10C29FBD-4E19-4462-A003-E96D9DFA48D8}.Release|Any CPU.ActiveCfg = Release|Any CPU
		{10C29FBD-4E19-4462-A003-E96D9DFA48D8}.Release|Any CPU.Build.0 = Release|Any CPU
		{D650C728-64BF-4B1F-889B-28EE2821117F}.Debug|Any CPU.ActiveCfg = Debug|Any CPU
		{D650C728-64BF-4B1F-889B-28EE2821117F}.Debug|Any CPU.Build.0 = Debug|Any CPU
		{D650C728-64BF-4B1F-889B-28EE2821117F}.Release|Any CPU.ActiveCfg = Release|Any CPU
		{D650C728-64BF-4B1F-889B-28EE2821117F}.Release|Any CPU.Build.0 = Release|Any CPU
		{139AE804-5448-403E-A1E5-81A891FAB50D}.Debug|Any CPU.ActiveCfg = Debug|Any CPU
		{139AE804-5448-403E-A1E5-81A891FAB50D}.Debug|Any CPU.Build.0 = Debug|Any CPU
		{139AE804-5448-403E-A1E5-81A891FAB50D}.Release|Any CPU.ActiveCfg = Release|Any CPU
		{139AE804-5448-403E-A1E5-81A891FAB50D}.Release|Any CPU.Build.0 = Release|Any CPU
		{3FBCC644-BFC1-4DFB-B041-EB8B216E8EB4}.Debug|Any CPU.ActiveCfg = Debug|Any CPU
		{3FBCC644-BFC1-4DFB-B041-EB8B216E8EB4}.Debug|Any CPU.Build.0 = Debug|Any CPU
		{3FBCC644-BFC1-4DFB-B041-EB8B216E8EB4}.Release|Any CPU.ActiveCfg = Release|Any CPU
		{3FBCC644-BFC1-4DFB-B041-EB8B216E8EB4}.Release|Any CPU.Build.0 = Release|Any CPU
		{09BDADE0-38E3-4469-871C-6DE2B5C3D80A}.Debug|Any CPU.ActiveCfg = Debug|Any CPU
		{09BDADE0-38E3-4469-871C-6DE2B5C3D80A}.Debug|Any CPU.Build.0 = Debug|Any CPU
		{09BDADE0-38E3-4469-871C-6DE2B5C3D80A}.Release|Any CPU.ActiveCfg = Release|Any CPU
		{09BDADE0-38E3-4469-871C-6DE2B5C3D80A}.Release|Any CPU.Build.0 = Release|Any CPU
		{2A8E3E28-DF24-4838-B1B7-00FEB7C9C821}.Debug|Any CPU.ActiveCfg = Debug|Any CPU
		{2A8E3E28-DF24-4838-B1B7-00FEB7C9C821}.Debug|Any CPU.Build.0 = Debug|Any CPU
		{2A8E3E28-DF24-4838-B1B7-00FEB7C9C821}.Release|Any CPU.ActiveCfg = Release|Any CPU
		{2A8E3E28-DF24-4838-B1B7-00FEB7C9C821}.Release|Any CPU.Build.0 = Release|Any CPU
		{85E491FB-DEA3-460A-98C2-8B6F042E5F10}.Debug|Any CPU.ActiveCfg = Debug|Any CPU
		{85E491FB-DEA3-460A-98C2-8B6F042E5F10}.Debug|Any CPU.Build.0 = Debug|Any CPU
		{85E491FB-DEA3-460A-98C2-8B6F042E5F10}.Release|Any CPU.ActiveCfg = Release|Any CPU
		{85E491FB-DEA3-460A-98C2-8B6F042E5F10}.Release|Any CPU.Build.0 = Release|Any CPU
		{4709243B-5D92-4876-8F5A-5D70DE06CB5E}.Debug|Any CPU.ActiveCfg = Debug|Any CPU
		{4709243B-5D92-4876-8F5A-5D70DE06CB5E}.Debug|Any CPU.Build.0 = Debug|Any CPU
		{4709243B-5D92-4876-8F5A-5D70DE06CB5E}.Release|Any CPU.ActiveCfg = Release|Any CPU
		{4709243B-5D92-4876-8F5A-5D70DE06CB5E}.Release|Any CPU.Build.0 = Release|Any CPU
		{36C9F8F1-4F54-48B8-8A9B-D950041DFA45}.Debug|Any CPU.ActiveCfg = Debug|Any CPU
		{36C9F8F1-4F54-48B8-8A9B-D950041DFA45}.Debug|Any CPU.Build.0 = Debug|Any CPU
		{36C9F8F1-4F54-48B8-8A9B-D950041DFA45}.Release|Any CPU.ActiveCfg = Release|Any CPU
		{36C9F8F1-4F54-48B8-8A9B-D950041DFA45}.Release|Any CPU.Build.0 = Release|Any CPU
		{762E5FF9-D03E-4A21-84E5-F598420291CD}.Debug|Any CPU.ActiveCfg = Debug|Any CPU
		{762E5FF9-D03E-4A21-84E5-F598420291CD}.Debug|Any CPU.Build.0 = Debug|Any CPU
		{762E5FF9-D03E-4A21-84E5-F598420291CD}.Release|Any CPU.ActiveCfg = Release|Any CPU
		{762E5FF9-D03E-4A21-84E5-F598420291CD}.Release|Any CPU.Build.0 = Release|Any CPU
		{17E9C202-1F6D-4787-93C5-10F0A741B18A}.Debug|Any CPU.ActiveCfg = Debug|Any CPU
		{17E9C202-1F6D-4787-93C5-10F0A741B18A}.Debug|Any CPU.Build.0 = Debug|Any CPU
		{17E9C202-1F6D-4787-93C5-10F0A741B18A}.Release|Any CPU.ActiveCfg = Release|Any CPU
		{17E9C202-1F6D-4787-93C5-10F0A741B18A}.Release|Any CPU.Build.0 = Release|Any CPU
		{3051219B-CE2A-43B3-BA02-1D6C5BA1F65D}.Debug|Any CPU.ActiveCfg = Debug|Any CPU
		{3051219B-CE2A-43B3-BA02-1D6C5BA1F65D}.Debug|Any CPU.Build.0 = Debug|Any CPU
		{3051219B-CE2A-43B3-BA02-1D6C5BA1F65D}.Release|Any CPU.ActiveCfg = Release|Any CPU
		{3051219B-CE2A-43B3-BA02-1D6C5BA1F65D}.Release|Any CPU.Build.0 = Release|Any CPU
		{CD9599C0-7C05-4A83-9DDD-4C4A85C58923}.Debug|Any CPU.ActiveCfg = Debug|Any CPU
		{CD9599C0-7C05-4A83-9DDD-4C4A85C58923}.Debug|Any CPU.Build.0 = Debug|Any CPU
		{CD9599C0-7C05-4A83-9DDD-4C4A85C58923}.Release|Any CPU.ActiveCfg = Release|Any CPU
		{CD9599C0-7C05-4A83-9DDD-4C4A85C58923}.Release|Any CPU.Build.0 = Release|Any CPU
		{5DA05684-B1A5-4367-B134-18E1A9F69B27}.Debug|Any CPU.ActiveCfg = Debug|Any CPU
		{5DA05684-B1A5-4367-B134-18E1A9F69B27}.Debug|Any CPU.Build.0 = Debug|Any CPU
		{5DA05684-B1A5-4367-B134-18E1A9F69B27}.Release|Any CPU.ActiveCfg = Release|Any CPU
		{5DA05684-B1A5-4367-B134-18E1A9F69B27}.Release|Any CPU.Build.0 = Release|Any CPU
		{6ABDEE5C-B664-419C-A1B7-DACEA768ED13}.Debug|Any CPU.ActiveCfg = Debug|Any CPU
		{6ABDEE5C-B664-419C-A1B7-DACEA768ED13}.Debug|Any CPU.Build.0 = Debug|Any CPU
		{6ABDEE5C-B664-419C-A1B7-DACEA768ED13}.Release|Any CPU.ActiveCfg = Release|Any CPU
		{6ABDEE5C-B664-419C-A1B7-DACEA768ED13}.Release|Any CPU.Build.0 = Release|Any CPU
	EndGlobalSection
	GlobalSection(NestedProjects) = preSolution
		{10C29FBD-4E19-4462-A003-E96D9DFA48D8} = {C68AB90F-FF6B-495A-8681-AA1F2E750D42}
		{E7482026-3385-4CE1-A6D5-078298E4E6B5} = {C68AB90F-FF6B-495A-8681-AA1F2E750D42}
		{D650C728-64BF-4B1F-889B-28EE2821117F} = {E7482026-3385-4CE1-A6D5-078298E4E6B5}
		{139AE804-5448-403E-A1E5-81A891FAB50D} = {E7482026-3385-4CE1-A6D5-078298E4E6B5}
		{3FBCC644-BFC1-4DFB-B041-EB8B216E8EB4} = {E7482026-3385-4CE1-A6D5-078298E4E6B5}
		{09BDADE0-38E3-4469-871C-6DE2B5C3D80A} = {E7482026-3385-4CE1-A6D5-078298E4E6B5}
		{2A8E3E28-DF24-4838-B1B7-00FEB7C9C821} = {E7482026-3385-4CE1-A6D5-078298E4E6B5}
		{85E491FB-DEA3-460A-98C2-8B6F042E5F10} = {E7482026-3385-4CE1-A6D5-078298E4E6B5}
		{4709243B-5D92-4876-8F5A-5D70DE06CB5E} = {E7482026-3385-4CE1-A6D5-078298E4E6B5}
		{7159B46F-574A-4805-BA17-7D05BAFC9B73} = {C68AB90F-FF6B-495A-8681-AA1F2E750D42}
		{36C9F8F1-4F54-48B8-8A9B-D950041DFA45} = {7159B46F-574A-4805-BA17-7D05BAFC9B73}
		{762E5FF9-D03E-4A21-84E5-F598420291CD} = {7159B46F-574A-4805-BA17-7D05BAFC9B73}
		{17E9C202-1F6D-4787-93C5-10F0A741B18A} = {7159B46F-574A-4805-BA17-7D05BAFC9B73}
		{3051219B-CE2A-43B3-BA02-1D6C5BA1F65D} = {7159B46F-574A-4805-BA17-7D05BAFC9B73}
		{CD9599C0-7C05-4A83-9DDD-4C4A85C58923} = {7159B46F-574A-4805-BA17-7D05BAFC9B73}
		{5DA05684-B1A5-4367-B134-18E1A9F69B27} = {7159B46F-574A-4805-BA17-7D05BAFC9B73}
		{6ABDEE5C-B664-419C-A1B7-DACEA768ED13} = {929F2378-F0E3-446A-AA35-20C90CF67A6A}
	EndGlobalSection
EndGlobal
